
Microsoft Visual Studio Solution File, Format Version 12.00
# Visual Studio Version 17
VisualStudioVersion = 17.10.35013.160
MinimumVisualStudioVersion = 10.0.40219.1
Project("{FAE04EC0-301F-11D3-BF4B-00C04F79EFBC}") = "Task Tracker Cli", "Task Tracker Cli\Task Tracker Cli.csproj", "{90A8B992-C34D-4AC2-8BCF-40ADABCE5AEC}"
EndProject
Global
	GlobalSection(SolutionConfigurationPlatforms) = preSolution
		Debug|Any CPU = Debug|Any CPU
		Release|Any CPU = Release|Any CPU
	EndGlobalSection
	GlobalSection(ProjectConfigurationPlatforms) = postSolution
		{90A8B992-C34D-4AC2-8BCF-40ADABCE5AEC}.Debug|Any CPU.ActiveCfg = Debug|Any CPU
		{90A8B992-C34D-4AC2-8BCF-40ADABCE5AEC}.Debug|Any CPU.Build.0 = Debug|Any CPU
		{90A8B992-C34D-4AC2-8BCF-40ADABCE5AEC}.Release|Any CPU.ActiveCfg = Release|Any CPU
		{90A8B992-C34D-4AC2-8BCF-40ADABCE5AEC}.Release|Any CPU.Build.0 = Release|Any CPU
	EndGlobalSection
	GlobalSection(SolutionProperties) = preSolution
		HideSolutionNode = FALSE
	EndGlobalSection
	GlobalSection(ExtensibilityGlobals) = postSolution
		SolutionGuid = {2D92FCE9-D206-4A75-9EAE-0DA4BD852DD7}
	EndGlobalSection
EndGlobal
